
Microsoft Visual Studio Solution File, Format Version 12.00
# Visual Studio 14
VisualStudioVersion = 14.0.25420.1
MinimumVisualStudioVersion = 10.0.40219.1
Project("{2150E333-8FDC-42A3-9474-1A3956D46DE8}") = "src", "src", "{3C50ACAF-6F94-476E-B801-573B44F3618B}"
EndProject
Project("{2150E333-8FDC-42A3-9474-1A3956D46DE8}") = "Solution Items", "Solution Items", "{F8CD8783-B76E-4452-863B-D6A7EABAA0F5}"
	ProjectSection(SolutionItems) = preProject
		global.json = global.json
	EndProjectSection
EndProject
Project("{8BB2217D-0F2D-49D1-97BC-3654ED321F3B}") = "DemoApp", "src\DemoApp\DemoApp.xproj", "{DB9E6ACB-4C4F-4461-A584-ECA235A4FE75}"
EndProject
Global
	GlobalSection(SolutionConfigurationPlatforms) = preSolution
		Debug|Any CPU = Debug|Any CPU
		Release|Any CPU = Release|Any CPU
	EndGlobalSection
	GlobalSection(ProjectConfigurationPlatforms) = postSolution
		{DB9E6ACB-4C4F-4461-A584-ECA235A4FE75}.Debug|Any CPU.ActiveCfg = Debug|Any CPU
		{DB9E6ACB-4C4F-4461-A584-ECA235A4FE75}.Debug|Any CPU.Build.0 = Debug|Any CPU
		{DB9E6ACB-4C4F-4461-A584-ECA235A4FE75}.Release|Any CPU.ActiveCfg = Release|Any CPU
		{DB9E6ACB-4C4F-4461-A584-ECA235A4FE75}.Release|Any CPU.Build.0 = Release|Any CPU
	EndGlobalSection
	GlobalSection(SolutionProperties) = preSolution
		HideSolutionNode = FALSE
	EndGlobalSection
	GlobalSection(NestedProjects) = preSolution
		{DB9E6ACB-4C4F-4461-A584-ECA235A4FE75} = {3C50ACAF-6F94-476E-B801-573B44F3618B}
	EndGlobalSection
EndGlobal
